
Microsoft Visual Studio Solution File, Format Version 12.00
# Visual Studio Version 16
VisualStudioVersion = 16.0.29519.87
MinimumVisualStudioVersion = 10.0.40219.1
Project("{FAE04EC0-301F-11D3-BF4B-00C04F79EFBC}") = "UniswapDataApi", "UniswapDataApi\UniswapDataApi.csproj", "{3B9FB3F3-89DB-4B96-AC96-D7B6264EDC9C}"
EndProject
Global
	GlobalSection(SolutionConfigurationPlatforms) = preSolution
		Debug|Any CPU = Debug|Any CPU
		Release|Any CPU = Release|Any CPU
	EndGlobalSection
	GlobalSection(ProjectConfigurationPlatforms) = postSolution
		{3B9FB3F3-89DB-4B96-AC96-D7B6264EDC9C}.Debug|Any CPU.ActiveCfg = Debug|Any CPU
		{3B9FB3F3-89DB-4B96-AC96-D7B6264EDC9C}.Debug|Any CPU.Build.0 = Debug|Any CPU
		{3B9FB3F3-89DB-4B96-AC96-D7B6264EDC9C}.Release|Any CPU.ActiveCfg = Release|Any CPU
		{3B9FB3F3-89DB-4B96-AC96-D7B6264EDC9C}.Release|Any CPU.Build.0 = Release|Any CPU
	EndGlobalSection
	GlobalSection(SolutionProperties) = preSolution
		HideSolutionNode = FALSE
	EndGlobalSection
	GlobalSection(ExtensibilityGlobals) = postSolution
		SolutionGuid = {494F2866-4A72-47DE-84A4-F9341530AD87}
	EndGlobalSection
EndGlobal
